// !$*UTF8*$!
{
	archiveVersion = 1;
	classes = {
	};
	objectVersion = 50;
	objects = {

/* Begin PBXBuildFile section */
		903161BF2639D96400504C25 /* UrlSessionHTTPClientTests.swift in Sources */ = {isa = PBXBuildFile; fileRef = 903161BE2639D96400504C25 /* UrlSessionHTTPClientTests.swift */; };
		904EB26E26B0782100A4ACD8 /* FeedStoreSpecs.swift in Sources */ = {isa = PBXBuildFile; fileRef = 904EB26D26B0782100A4ACD8 /* FeedStoreSpecs.swift */; };
		904EB27026B079FC00A4ACD8 /* XCTestCase+FeedStoreSpecs.swift in Sources */ = {isa = PBXBuildFile; fileRef = 904EB26F26B079FC00A4ACD8 /* XCTestCase+FeedStoreSpecs.swift */; };
		904EB27326B081E900A4ACD8 /* XCTestCase + FailableDeleteFeedStoreSpecs.swift in Sources */ = {isa = PBXBuildFile; fileRef = 904EB27226B081E900A4ACD8 /* XCTestCase + FailableDeleteFeedStoreSpecs.swift */; };
		904EB27526B0823000A4ACD8 /* XCTestCase + FailableInsertFeedStoreSpecs.swift in Sources */ = {isa = PBXBuildFile; fileRef = 904EB27426B0823000A4ACD8 /* XCTestCase + FailableInsertFeedStoreSpecs.swift */; };
		904EB27726B0827800A4ACD8 /* XCTestCase + FailableRetrieveFeedStoreSpecs.swift in Sources */ = {isa = PBXBuildFile; fileRef = 904EB27626B0827800A4ACD8 /* XCTestCase + FailableRetrieveFeedStoreSpecs.swift */; };
		905A6AF126371E030010C6CF /* HTTPClient.swift in Sources */ = {isa = PBXBuildFile; fileRef = 905A6AF026371E030010C6CF /* HTTPClient.swift */; };
		905A6AF526371EBB0010C6CF /* FeedItemsMapper.swift in Sources */ = {isa = PBXBuildFile; fileRef = 905A6AF426371EBB0010C6CF /* FeedItemsMapper.swift */; };
		905D087F26616BF90050FA72 /* CacheFeedUseCaseTests.swift in Sources */ = {isa = PBXBuildFile; fileRef = 905D087E26616BF90050FA72 /* CacheFeedUseCaseTests.swift */; };
		905D08822664133D0050FA72 /* LocalFeedLoader.swift in Sources */ = {isa = PBXBuildFile; fileRef = 905D08812664133D0050FA72 /* LocalFeedLoader.swift */; };
		905D0884266413C30050FA72 /* FeedStore.swift in Sources */ = {isa = PBXBuildFile; fileRef = 905D0883266413C30050FA72 /* FeedStore.swift */; };
		905D0887266BA76C0050FA72 /* RemoteFeedItem.swift in Sources */ = {isa = PBXBuildFile; fileRef = 905D0886266BA76C0050FA72 /* RemoteFeedItem.swift */; };
		905D0889266BA7C00050FA72 /* LocalFeedImage.swift in Sources */ = {isa = PBXBuildFile; fileRef = 905D0888266BA7C00050FA72 /* LocalFeedImage.swift */; };
		905D088B266E75300050FA72 /* LoadFeedFromCacheTests.swift in Sources */ = {isa = PBXBuildFile; fileRef = 905D088A266E75300050FA72 /* LoadFeedFromCacheTests.swift */; };
		905D088F266E76810050FA72 /* FeedStoreSpy.swift in Sources */ = {isa = PBXBuildFile; fileRef = 905D088E266E76810050FA72 /* FeedStoreSpy.swift */; };
		905D08B526723A320050FA72 /* ValidateCacheFeedUseCaseTests.swift in Sources */ = {isa = PBXBuildFile; fileRef = 905D08B426723A320050FA72 /* ValidateCacheFeedUseCaseTests.swift */; };
		905D08B7267241DD0050FA72 /* LocalFeedTests+Helpers.swift in Sources */ = {isa = PBXBuildFile; fileRef = 905D08B6267241DD0050FA72 /* LocalFeedTests+Helpers.swift */; };
		905D08BD2677C7670050FA72 /* FeedCachePolicy.swift in Sources */ = {isa = PBXBuildFile; fileRef = 905D08BC2677C7670050FA72 /* FeedCachePolicy.swift */; };
		905D08BF267A624B0050FA72 /* CodableFeedStoreTests.swift in Sources */ = {isa = PBXBuildFile; fileRef = 905D08BE267A624B0050FA72 /* CodableFeedStoreTests.swift */; };
		905D0920268111A20050FA72 /* CodableFeedStore.swift in Sources */ = {isa = PBXBuildFile; fileRef = 905D091F268111A20050FA72 /* CodableFeedStore.swift */; };
		9067C89D262F41C7005DD190 /* EssentialFeed.framework in Frameworks */ = {isa = PBXBuildFile; fileRef = 9067C893262F41C6005DD190 /* EssentialFeed.framework */; };
		9067C8A4262F41C7005DD190 /* EssentialFeed.h in Headers */ = {isa = PBXBuildFile; fileRef = 9067C896262F41C6005DD190 /* EssentialFeed.h */; settings = {ATTRIBUTES = (Public, ); }; };
		9067C8B0262F438A005DD190 /* FeedImage.swift in Sources */ = {isa = PBXBuildFile; fileRef = 9067C8AF262F438A005DD190 /* FeedImage.swift */; };
		9067C8B4262F43DE005DD190 /* FeedLoader.swift in Sources */ = {isa = PBXBuildFile; fileRef = 9067C8B3262F43DE005DD190 /* FeedLoader.swift */; };
		9067C8BE262F45FF005DD190 /* LoadFeedFromRemoteUseCaseTests.swift in Sources */ = {isa = PBXBuildFile; fileRef = 9067C8BD262F45FF005DD190 /* LoadFeedFromRemoteUseCaseTests.swift */; };
		9067C8C426309E58005DD190 /* RemoteFeedLoader.swift in Sources */ = {isa = PBXBuildFile; fileRef = 9067C8C326309E58005DD190 /* RemoteFeedLoader.swift */; };
		908EF92826458CDD00337AAA /* XCTestCase+MemoryLeakTracking.swift in Sources */ = {isa = PBXBuildFile; fileRef = 908EF92726458CDD00337AAA /* XCTestCase+MemoryLeakTracking.swift */; };
		90C5CFD52652EE0F00689A7B /* EssentialFeedEndToEndTests.swift in Sources */ = {isa = PBXBuildFile; fileRef = 90C5CFD42652EE0F00689A7B /* EssentialFeedEndToEndTests.swift */; };
		90C5CFD72652EE0F00689A7B /* EssentialFeed.framework in Frameworks */ = {isa = PBXBuildFile; fileRef = 9067C893262F41C6005DD190 /* EssentialFeed.framework */; };
		90C5CFDD2652F86900689A7B /* XCTestCase+MemoryLeakTracking.swift in Sources */ = {isa = PBXBuildFile; fileRef = 908EF92726458CDD00337AAA /* XCTestCase+MemoryLeakTracking.swift */; };
		90E7BA762649A37A00409AE6 /* UrlSessionHTTPClient.swift in Sources */ = {isa = PBXBuildFile; fileRef = 90E7BA752649A37A00409AE6 /* UrlSessionHTTPClient.swift */; };
		90FE6E9D26500026007D5551 /* Global+Helpers.swift in Sources */ = {isa = PBXBuildFile; fileRef = 90FE6E9C26500026007D5551 /* Global+Helpers.swift */; };
		F122BBCC26B0A9A300F62EAA /* XCTestCase + AsynchronusFeedStoreSpecs.swift in Sources */ = {isa = PBXBuildFile; fileRef = F122BBCB26B0A9A300F62EAA /* XCTestCase + AsynchronusFeedStoreSpecs.swift */; };
/* End PBXBuildFile section */

/* Begin PBXContainerItemProxy section */
		9067C89E262F41C7005DD190 /* PBXContainerItemProxy */ = {
			isa = PBXContainerItemProxy;
			containerPortal = 9067C88A262F41C6005DD190 /* Project object */;
			proxyType = 1;
			remoteGlobalIDString = 9067C892262F41C6005DD190;
			remoteInfo = EssentialFeed;
		};
		90C5CFD82652EE0F00689A7B /* PBXContainerItemProxy */ = {
			isa = PBXContainerItemProxy;
			containerPortal = 9067C88A262F41C6005DD190 /* Project object */;
			proxyType = 1;
			remoteGlobalIDString = 9067C892262F41C6005DD190;
			remoteInfo = EssentialFeed;
		};
/* End PBXContainerItemProxy section */

/* Begin PBXFileReference section */
		903161BE2639D96400504C25 /* UrlSessionHTTPClientTests.swift */ = {isa = PBXFileReference; lastKnownFileType = sourcecode.swift; path = UrlSessionHTTPClientTests.swift; sourceTree = "<group>"; };
		904EB26D26B0782100A4ACD8 /* FeedStoreSpecs.swift */ = {isa = PBXFileReference; lastKnownFileType = sourcecode.swift; path = FeedStoreSpecs.swift; sourceTree = "<group>"; };
		904EB26F26B079FC00A4ACD8 /* XCTestCase+FeedStoreSpecs.swift */ = {isa = PBXFileReference; lastKnownFileType = sourcecode.swift; path = "XCTestCase+FeedStoreSpecs.swift"; sourceTree = "<group>"; };
		904EB27226B081E900A4ACD8 /* XCTestCase + FailableDeleteFeedStoreSpecs.swift */ = {isa = PBXFileReference; lastKnownFileType = sourcecode.swift; path = "XCTestCase + FailableDeleteFeedStoreSpecs.swift"; sourceTree = "<group>"; };
		904EB27426B0823000A4ACD8 /* XCTestCase + FailableInsertFeedStoreSpecs.swift */ = {isa = PBXFileReference; lastKnownFileType = sourcecode.swift; path = "XCTestCase + FailableInsertFeedStoreSpecs.swift"; sourceTree = "<group>"; };
		904EB27626B0827800A4ACD8 /* XCTestCase + FailableRetrieveFeedStoreSpecs.swift */ = {isa = PBXFileReference; lastKnownFileType = sourcecode.swift; path = "XCTestCase + FailableRetrieveFeedStoreSpecs.swift"; sourceTree = "<group>"; };
		905A6AF026371E030010C6CF /* HTTPClient.swift */ = {isa = PBXFileReference; lastKnownFileType = sourcecode.swift; path = HTTPClient.swift; sourceTree = "<group>"; };
		905A6AF426371EBB0010C6CF /* FeedItemsMapper.swift */ = {isa = PBXFileReference; lastKnownFileType = sourcecode.swift; path = FeedItemsMapper.swift; sourceTree = "<group>"; };
		905D087E26616BF90050FA72 /* CacheFeedUseCaseTests.swift */ = {isa = PBXFileReference; lastKnownFileType = sourcecode.swift; path = CacheFeedUseCaseTests.swift; sourceTree = "<group>"; };
		905D08812664133D0050FA72 /* LocalFeedLoader.swift */ = {isa = PBXFileReference; lastKnownFileType = sourcecode.swift; path = LocalFeedLoader.swift; sourceTree = "<group>"; };
		905D0883266413C30050FA72 /* FeedStore.swift */ = {isa = PBXFileReference; lastKnownFileType = sourcecode.swift; path = FeedStore.swift; sourceTree = "<group>"; };
		905D0886266BA76C0050FA72 /* RemoteFeedItem.swift */ = {isa = PBXFileReference; lastKnownFileType = sourcecode.swift; path = RemoteFeedItem.swift; sourceTree = "<group>"; };
		905D0888266BA7C00050FA72 /* LocalFeedImage.swift */ = {isa = PBXFileReference; lastKnownFileType = sourcecode.swift; path = LocalFeedImage.swift; sourceTree = "<group>"; };
		905D088A266E75300050FA72 /* LoadFeedFromCacheTests.swift */ = {isa = PBXFileReference; lastKnownFileType = sourcecode.swift; path = LoadFeedFromCacheTests.swift; sourceTree = "<group>"; };
		905D088E266E76810050FA72 /* FeedStoreSpy.swift */ = {isa = PBXFileReference; lastKnownFileType = sourcecode.swift; path = FeedStoreSpy.swift; sourceTree = "<group>"; };
		905D08B426723A320050FA72 /* ValidateCacheFeedUseCaseTests.swift */ = {isa = PBXFileReference; lastKnownFileType = sourcecode.swift; path = ValidateCacheFeedUseCaseTests.swift; sourceTree = "<group>"; };
		905D08B6267241DD0050FA72 /* LocalFeedTests+Helpers.swift */ = {isa = PBXFileReference; lastKnownFileType = sourcecode.swift; path = "LocalFeedTests+Helpers.swift"; sourceTree = "<group>"; };
		905D08BC2677C7670050FA72 /* FeedCachePolicy.swift */ = {isa = PBXFileReference; lastKnownFileType = sourcecode.swift; path = FeedCachePolicy.swift; sourceTree = "<group>"; };
		905D08BE267A624B0050FA72 /* CodableFeedStoreTests.swift */ = {isa = PBXFileReference; lastKnownFileType = sourcecode.swift; path = CodableFeedStoreTests.swift; sourceTree = "<group>"; };
		905D091F268111A20050FA72 /* CodableFeedStore.swift */ = {isa = PBXFileReference; lastKnownFileType = sourcecode.swift; path = CodableFeedStore.swift; sourceTree = "<group>"; };
		9067C893262F41C6005DD190 /* EssentialFeed.framework */ = {isa = PBXFileReference; explicitFileType = wrapper.framework; includeInIndex = 0; path = EssentialFeed.framework; sourceTree = BUILT_PRODUCTS_DIR; };
		9067C896262F41C6005DD190 /* EssentialFeed.h */ = {isa = PBXFileReference; lastKnownFileType = sourcecode.c.h; path = EssentialFeed.h; sourceTree = "<group>"; };
		9067C897262F41C6005DD190 /* Info.plist */ = {isa = PBXFileReference; lastKnownFileType = text.plist.xml; path = Info.plist; sourceTree = "<group>"; };
		9067C89C262F41C7005DD190 /* EssentialFeedTests.xctest */ = {isa = PBXFileReference; explicitFileType = wrapper.cfbundle; includeInIndex = 0; path = EssentialFeedTests.xctest; sourceTree = BUILT_PRODUCTS_DIR; };
		9067C8A3262F41C7005DD190 /* Info.plist */ = {isa = PBXFileReference; lastKnownFileType = text.plist.xml; path = Info.plist; sourceTree = "<group>"; };
		9067C8AF262F438A005DD190 /* FeedImage.swift */ = {isa = PBXFileReference; lastKnownFileType = sourcecode.swift; path = FeedImage.swift; sourceTree = "<group>"; };
		9067C8B3262F43DE005DD190 /* FeedLoader.swift */ = {isa = PBXFileReference; lastKnownFileType = sourcecode.swift; path = FeedLoader.swift; sourceTree = "<group>"; };
		9067C8BC262F45FE005DD190 /* EssentialFeedTests-Bridging-Header.h */ = {isa = PBXFileReference; lastKnownFileType = sourcecode.c.h; path = "EssentialFeedTests-Bridging-Header.h"; sourceTree = "<group>"; };
		9067C8BD262F45FF005DD190 /* LoadFeedFromRemoteUseCaseTests.swift */ = {isa = PBXFileReference; lastKnownFileType = sourcecode.swift; path = LoadFeedFromRemoteUseCaseTests.swift; sourceTree = "<group>"; };
		9067C8C326309E58005DD190 /* RemoteFeedLoader.swift */ = {isa = PBXFileReference; lastKnownFileType = sourcecode.swift; path = RemoteFeedLoader.swift; sourceTree = "<group>"; };
		908EF92726458CDD00337AAA /* XCTestCase+MemoryLeakTracking.swift */ = {isa = PBXFileReference; lastKnownFileType = sourcecode.swift; path = "XCTestCase+MemoryLeakTracking.swift"; sourceTree = "<group>"; };
		90C5CFD22652EE0F00689A7B /* EssentialFeedEndToEndTests.xctest */ = {isa = PBXFileReference; explicitFileType = wrapper.cfbundle; includeInIndex = 0; path = EssentialFeedEndToEndTests.xctest; sourceTree = BUILT_PRODUCTS_DIR; };
		90C5CFD42652EE0F00689A7B /* EssentialFeedEndToEndTests.swift */ = {isa = PBXFileReference; lastKnownFileType = sourcecode.swift; path = EssentialFeedEndToEndTests.swift; sourceTree = "<group>"; };
		90C5CFD62652EE0F00689A7B /* Info.plist */ = {isa = PBXFileReference; lastKnownFileType = text.plist.xml; path = Info.plist; sourceTree = "<group>"; };
		90E7BA752649A37A00409AE6 /* UrlSessionHTTPClient.swift */ = {isa = PBXFileReference; lastKnownFileType = sourcecode.swift; path = UrlSessionHTTPClient.swift; sourceTree = "<group>"; };
		90FE6E9C26500026007D5551 /* Global+Helpers.swift */ = {isa = PBXFileReference; lastKnownFileType = sourcecode.swift; path = "Global+Helpers.swift"; sourceTree = "<group>"; };
		F122BBCB26B0A9A300F62EAA /* XCTestCase + AsynchronusFeedStoreSpecs.swift */ = {isa = PBXFileReference; lastKnownFileType = sourcecode.swift; path = "XCTestCase + AsynchronusFeedStoreSpecs.swift"; sourceTree = "<group>"; };
/* End PBXFileReference section */

/* Begin PBXFrameworksBuildPhase section */
		9067C890262F41C6005DD190 /* Frameworks */ = {
			isa = PBXFrameworksBuildPhase;
			buildActionMask = 2147483647;
			files = (
			);
			runOnlyForDeploymentPostprocessing = 0;
		};
		9067C899262F41C7005DD190 /* Frameworks */ = {
			isa = PBXFrameworksBuildPhase;
			buildActionMask = 2147483647;
			files = (
				9067C89D262F41C7005DD190 /* EssentialFeed.framework in Frameworks */,
			);
			runOnlyForDeploymentPostprocessing = 0;
		};
		90C5CFCF2652EE0F00689A7B /* Frameworks */ = {
			isa = PBXFrameworksBuildPhase;
			buildActionMask = 2147483647;
			files = (
				90C5CFD72652EE0F00689A7B /* EssentialFeed.framework in Frameworks */,
			);
			runOnlyForDeploymentPostprocessing = 0;
		};
/* End PBXFrameworksBuildPhase section */

/* Begin PBXGroup section */
		904EB27126B07D7400A4ACD8 /* FeedStoreSpecs */ = {
			isa = PBXGroup;
			children = (
				904EB26D26B0782100A4ACD8 /* FeedStoreSpecs.swift */,
				904EB26F26B079FC00A4ACD8 /* XCTestCase+FeedStoreSpecs.swift */,
				904EB27226B081E900A4ACD8 /* XCTestCase + FailableDeleteFeedStoreSpecs.swift */,
				904EB27426B0823000A4ACD8 /* XCTestCase + FailableInsertFeedStoreSpecs.swift */,
				904EB27626B0827800A4ACD8 /* XCTestCase + FailableRetrieveFeedStoreSpecs.swift */,
				F122BBCB26B0A9A300F62EAA /* XCTestCase + AsynchronusFeedStoreSpecs.swift */,
			);
			path = FeedStoreSpecs;
			sourceTree = "<group>";
		};
		905A6AF826372C9A0010C6CF /* Feed API */ = {
			isa = PBXGroup;
			children = (
				9067C8BD262F45FF005DD190 /* LoadFeedFromRemoteUseCaseTests.swift */,
				903161BE2639D96400504C25 /* UrlSessionHTTPClientTests.swift */,
			);
			path = "Feed API";
			sourceTree = "<group>";
		};
		905D088026616D2E0050FA72 /* Feed Cache */ = {
			isa = PBXGroup;
			children = (
				904EB27126B07D7400A4ACD8 /* FeedStoreSpecs */,
				905D088D266E766D0050FA72 /* Helpers */,
				905D087E26616BF90050FA72 /* CacheFeedUseCaseTests.swift */,
				905D088A266E75300050FA72 /* LoadFeedFromCacheTests.swift */,
				905D08B426723A320050FA72 /* ValidateCacheFeedUseCaseTests.swift */,
				905D08BE267A624B0050FA72 /* CodableFeedStoreTests.swift */,
			);
			path = "Feed Cache";
			sourceTree = "<group>";
		};
		905D088526669FF00050FA72 /* Feed Cache */ = {
			isa = PBXGroup;
			children = (
				905D08812664133D0050FA72 /* LocalFeedLoader.swift */,
				905D0883266413C30050FA72 /* FeedStore.swift */,
				905D0888266BA7C00050FA72 /* LocalFeedImage.swift */,
				905D08BC2677C7670050FA72 /* FeedCachePolicy.swift */,
				905D091F268111A20050FA72 /* CodableFeedStore.swift */,
			);
			path = "Feed Cache";
			sourceTree = "<group>";
		};
		905D088D266E766D0050FA72 /* Helpers */ = {
			isa = PBXGroup;
			children = (
				905D088E266E76810050FA72 /* FeedStoreSpy.swift */,
				905D08B6267241DD0050FA72 /* LocalFeedTests+Helpers.swift */,
			);
			path = Helpers;
			sourceTree = "<group>";
		};
		9067C889262F41C6005DD190 = {
			isa = PBXGroup;
			children = (
				9067C895262F41C6005DD190 /* EssentialFeed */,
				9067C8A0262F41C7005DD190 /* EssentialFeedTests */,
				90C5CFD32652EE0F00689A7B /* EssentialFeedEndToEndTests */,
				9067C894262F41C6005DD190 /* Products */,
			);
			sourceTree = "<group>";
		};
		9067C894262F41C6005DD190 /* Products */ = {
			isa = PBXGroup;
			children = (
				9067C893262F41C6005DD190 /* EssentialFeed.framework */,
				9067C89C262F41C7005DD190 /* EssentialFeedTests.xctest */,
				90C5CFD22652EE0F00689A7B /* EssentialFeedEndToEndTests.xctest */,
			);
			name = Products;
			sourceTree = "<group>";
		};
		9067C895262F41C6005DD190 /* EssentialFeed */ = {
			isa = PBXGroup;
			children = (
				9067C896262F41C6005DD190 /* EssentialFeed.h */,
				9067C8B7262F448B005DD190 /* Feed feature */,
				9067C897262F41C6005DD190 /* Info.plist */,
				9067C8C726309E60005DD190 /* Feed API  */,
				905D088526669FF00050FA72 /* Feed Cache */,
			);
			indentWidth = 2;
			path = EssentialFeed;
			sourceTree = "<group>";
			tabWidth = 2;
		};
		9067C8A0262F41C7005DD190 /* EssentialFeedTests */ = {
			isa = PBXGroup;
			children = (
				9067C8A3262F41C7005DD190 /* Info.plist */,
				905A6AF826372C9A0010C6CF /* Feed API */,
				905D088026616D2E0050FA72 /* Feed Cache */,
				9067C8BC262F45FE005DD190 /* EssentialFeedTests-Bridging-Header.h */,
				908EF92926458CE200337AAA /* Helpers */,
			);
			indentWidth = 2;
			path = EssentialFeedTests;
			sourceTree = "<group>";
			tabWidth = 2;
		};
		9067C8B7262F448B005DD190 /* Feed feature */ = {
			isa = PBXGroup;
			children = (
				9067C8AF262F438A005DD190 /* FeedImage.swift */,
				9067C8B3262F43DE005DD190 /* FeedLoader.swift */,
			);
			path = "Feed feature";
			sourceTree = "<group>";
		};
		9067C8C726309E60005DD190 /* Feed API  */ = {
			isa = PBXGroup;
			children = (
				9067C8C326309E58005DD190 /* RemoteFeedLoader.swift */,
				905A6AF026371E030010C6CF /* HTTPClient.swift */,
				905A6AF426371EBB0010C6CF /* FeedItemsMapper.swift */,
				90E7BA752649A37A00409AE6 /* UrlSessionHTTPClient.swift */,
				905D0886266BA76C0050FA72 /* RemoteFeedItem.swift */,
			);
			path = "Feed API ";
			sourceTree = "<group>";
		};
		908EF92926458CE200337AAA /* Helpers */ = {
			isa = PBXGroup;
			children = (
				908EF92726458CDD00337AAA /* XCTestCase+MemoryLeakTracking.swift */,
				90FE6E9C26500026007D5551 /* Global+Helpers.swift */,
			);
			path = Helpers;
			sourceTree = "<group>";
		};
		90C5CFD32652EE0F00689A7B /* EssentialFeedEndToEndTests */ = {
			isa = PBXGroup;
			children = (
				90C5CFD42652EE0F00689A7B /* EssentialFeedEndToEndTests.swift */,
				90C5CFD62652EE0F00689A7B /* Info.plist */,
			);
			path = EssentialFeedEndToEndTests;
			sourceTree = "<group>";
		};
/* End PBXGroup section */

/* Begin PBXHeadersBuildPhase section */
		9067C88E262F41C6005DD190 /* Headers */ = {
			isa = PBXHeadersBuildPhase;
			buildActionMask = 2147483647;
			files = (
				9067C8A4262F41C7005DD190 /* EssentialFeed.h in Headers */,
			);
			runOnlyForDeploymentPostprocessing = 0;
		};
/* End PBXHeadersBuildPhase section */

/* Begin PBXNativeTarget section */
		9067C892262F41C6005DD190 /* EssentialFeed */ = {
			isa = PBXNativeTarget;
			buildConfigurationList = 9067C8A7262F41C7005DD190 /* Build configuration list for PBXNativeTarget "EssentialFeed" */;
			buildPhases = (
				9067C88E262F41C6005DD190 /* Headers */,
				9067C88F262F41C6005DD190 /* Sources */,
				9067C890262F41C6005DD190 /* Frameworks */,
				9067C891262F41C6005DD190 /* Resources */,
			);
			buildRules = (
			);
			dependencies = (
			);
			name = EssentialFeed;
			productName = EssentialFeed;
			productReference = 9067C893262F41C6005DD190 /* EssentialFeed.framework */;
			productType = "com.apple.product-type.framework";
		};
		9067C89B262F41C7005DD190 /* EssentialFeedTests */ = {
			isa = PBXNativeTarget;
			buildConfigurationList = 9067C8AA262F41C7005DD190 /* Build configuration list for PBXNativeTarget "EssentialFeedTests" */;
			buildPhases = (
				9067C898262F41C7005DD190 /* Sources */,
				9067C899262F41C7005DD190 /* Frameworks */,
				9067C89A262F41C7005DD190 /* Resources */,
			);
			buildRules = (
			);
			dependencies = (
				9067C89F262F41C7005DD190 /* PBXTargetDependency */,
			);
			name = EssentialFeedTests;
			productName = EssentialFeedTests;
			productReference = 9067C89C262F41C7005DD190 /* EssentialFeedTests.xctest */;
			productType = "com.apple.product-type.bundle.unit-test";
		};
		90C5CFD12652EE0F00689A7B /* EssentialFeedEndToEndTests */ = {
			isa = PBXNativeTarget;
			buildConfigurationList = 90C5CFDC2652EE0F00689A7B /* Build configuration list for PBXNativeTarget "EssentialFeedEndToEndTests" */;
			buildPhases = (
				90C5CFCE2652EE0F00689A7B /* Sources */,
				90C5CFCF2652EE0F00689A7B /* Frameworks */,
				90C5CFD02652EE0F00689A7B /* Resources */,
			);
			buildRules = (
			);
			dependencies = (
				90C5CFD92652EE0F00689A7B /* PBXTargetDependency */,
			);
			name = EssentialFeedEndToEndTests;
			productName = EssentialFeedEndToEndTests;
			productReference = 90C5CFD22652EE0F00689A7B /* EssentialFeedEndToEndTests.xctest */;
			productType = "com.apple.product-type.bundle.unit-test";
		};
/* End PBXNativeTarget section */

/* Begin PBXProject section */
		9067C88A262F41C6005DD190 /* Project object */ = {
			isa = PBXProject;
			attributes = {
				LastSwiftUpdateCheck = 1250;
				LastUpgradeCheck = 1250;
				TargetAttributes = {
					9067C892262F41C6005DD190 = {
						CreatedOnToolsVersion = 12.4;
						LastSwiftMigration = 1240;
					};
					9067C89B262F41C7005DD190 = {
						CreatedOnToolsVersion = 12.4;
						LastSwiftMigration = 1240;
					};
					90C5CFD12652EE0F00689A7B = {
						CreatedOnToolsVersion = 12.5;
					};
				};
			};
			buildConfigurationList = 9067C88D262F41C6005DD190 /* Build configuration list for PBXProject "EssentialFeed" */;
			compatibilityVersion = "Xcode 9.3";
			developmentRegion = en;
			hasScannedForEncodings = 0;
			knownRegions = (
				en,
				Base,
			);
			mainGroup = 9067C889262F41C6005DD190;
			productRefGroup = 9067C894262F41C6005DD190 /* Products */;
			projectDirPath = "";
			projectRoot = "";
			targets = (
				9067C892262F41C6005DD190 /* EssentialFeed */,
				9067C89B262F41C7005DD190 /* EssentialFeedTests */,
				90C5CFD12652EE0F00689A7B /* EssentialFeedEndToEndTests */,
			);
		};
/* End PBXProject section */

/* Begin PBXResourcesBuildPhase section */
		9067C891262F41C6005DD190 /* Resources */ = {
			isa = PBXResourcesBuildPhase;
			buildActionMask = 2147483647;
			files = (
			);
			runOnlyForDeploymentPostprocessing = 0;
		};
		9067C89A262F41C7005DD190 /* Resources */ = {
			isa = PBXResourcesBuildPhase;
			buildActionMask = 2147483647;
			files = (
			);
			runOnlyForDeploymentPostprocessing = 0;
		};
		90C5CFD02652EE0F00689A7B /* Resources */ = {
			isa = PBXResourcesBuildPhase;
			buildActionMask = 2147483647;
			files = (
			);
			runOnlyForDeploymentPostprocessing = 0;
		};
/* End PBXResourcesBuildPhase section */

/* Begin PBXSourcesBuildPhase section */
		9067C88F262F41C6005DD190 /* Sources */ = {
			isa = PBXSourcesBuildPhase;
			buildActionMask = 2147483647;
			files = (
				905A6AF526371EBB0010C6CF /* FeedItemsMapper.swift in Sources */,
				90E7BA762649A37A00409AE6 /* UrlSessionHTTPClient.swift in Sources */,
				905D0887266BA76C0050FA72 /* RemoteFeedItem.swift in Sources */,
				905D08BD2677C7670050FA72 /* FeedCachePolicy.swift in Sources */,
				9067C8B4262F43DE005DD190 /* FeedLoader.swift in Sources */,
				905D0889266BA7C00050FA72 /* LocalFeedImage.swift in Sources */,
				905D0884266413C30050FA72 /* FeedStore.swift in Sources */,
				905D08822664133D0050FA72 /* LocalFeedLoader.swift in Sources */,
				905D0920268111A20050FA72 /* CodableFeedStore.swift in Sources */,
				9067C8C426309E58005DD190 /* RemoteFeedLoader.swift in Sources */,
				905A6AF126371E030010C6CF /* HTTPClient.swift in Sources */,
				9067C8B0262F438A005DD190 /* FeedImage.swift in Sources */,
			);
			runOnlyForDeploymentPostprocessing = 0;
		};
		9067C898262F41C7005DD190 /* Sources */ = {
			isa = PBXSourcesBuildPhase;
			buildActionMask = 2147483647;
			files = (
				904EB27526B0823000A4ACD8 /* XCTestCase + FailableInsertFeedStoreSpecs.swift in Sources */,
				905D08BF267A624B0050FA72 /* CodableFeedStoreTests.swift in Sources */,
				9067C8BE262F45FF005DD190 /* LoadFeedFromRemoteUseCaseTests.swift in Sources */,
				904EB27326B081E900A4ACD8 /* XCTestCase + FailableDeleteFeedStoreSpecs.swift in Sources */,
				904EB27726B0827800A4ACD8 /* XCTestCase + FailableRetrieveFeedStoreSpecs.swift in Sources */,
				F122BBCC26B0A9A300F62EAA /* XCTestCase + AsynchronusFeedStoreSpecs.swift in Sources */,
				903161BF2639D96400504C25 /* UrlSessionHTTPClientTests.swift in Sources */,
				905D088B266E75300050FA72 /* LoadFeedFromCacheTests.swift in Sources */,
				90FE6E9D26500026007D5551 /* Global+Helpers.swift in Sources */,
				905D08B526723A320050FA72 /* ValidateCacheFeedUseCaseTests.swift in Sources */,
				905D088F266E76810050FA72 /* FeedStoreSpy.swift in Sources */,
				905D087F26616BF90050FA72 /* CacheFeedUseCaseTests.swift in Sources */,
				908EF92826458CDD00337AAA /* XCTestCase+MemoryLeakTracking.swift in Sources */,
				904EB26E26B0782100A4ACD8 /* FeedStoreSpecs.swift in Sources */,
				905D08B7267241DD0050FA72 /* LocalFeedTests+Helpers.swift in Sources */,
				904EB27026B079FC00A4ACD8 /* XCTestCase+FeedStoreSpecs.swift in Sources */,
			);
			runOnlyForDeploymentPostprocessing = 0;
		};
		90C5CFCE2652EE0F00689A7B /* Sources */ = {
			isa = PBXSourcesBuildPhase;
			buildActionMask = 2147483647;
			files = (
				90C5CFD52652EE0F00689A7B /* EssentialFeedEndToEndTests.swift in Sources */,
				90C5CFDD2652F86900689A7B /* XCTestCase+MemoryLeakTracking.swift in Sources */,
			);
			runOnlyForDeploymentPostprocessing = 0;
		};
/* End PBXSourcesBuildPhase section */

/* Begin PBXTargetDependency section */
		9067C89F262F41C7005DD190 /* PBXTargetDependency */ = {
			isa = PBXTargetDependency;
			target = 9067C892262F41C6005DD190 /* EssentialFeed */;
			targetProxy = 9067C89E262F41C7005DD190 /* PBXContainerItemProxy */;
		};
		90C5CFD92652EE0F00689A7B /* PBXTargetDependency */ = {
			isa = PBXTargetDependency;
			target = 9067C892262F41C6005DD190 /* EssentialFeed */;
			targetProxy = 90C5CFD82652EE0F00689A7B /* PBXContainerItemProxy */;
		};
/* End PBXTargetDependency section */

/* Begin XCBuildConfiguration section */
		9067C8A5262F41C7005DD190 /* Debug */ = {
			isa = XCBuildConfiguration;
			buildSettings = {
				ALWAYS_SEARCH_USER_PATHS = NO;
				CLANG_ANALYZER_NONNULL = YES;
				CLANG_ANALYZER_NUMBER_OBJECT_CONVERSION = YES_AGGRESSIVE;
				CLANG_CXX_LANGUAGE_STANDARD = "gnu++14";
				CLANG_CXX_LIBRARY = "libc++";
				CLANG_ENABLE_MODULES = YES;
				CLANG_ENABLE_OBJC_ARC = YES;
				CLANG_ENABLE_OBJC_WEAK = YES;
				CLANG_WARN_BLOCK_CAPTURE_AUTORELEASING = YES;
				CLANG_WARN_BOOL_CONVERSION = YES;
				CLANG_WARN_COMMA = YES;
				CLANG_WARN_CONSTANT_CONVERSION = YES;
				CLANG_WARN_DEPRECATED_OBJC_IMPLEMENTATIONS = YES;
				CLANG_WARN_DIRECT_OBJC_ISA_USAGE = YES_ERROR;
				CLANG_WARN_DOCUMENTATION_COMMENTS = YES;
				CLANG_WARN_EMPTY_BODY = YES;
				CLANG_WARN_ENUM_CONVERSION = YES;
				CLANG_WARN_INFINITE_RECURSION = YES;
				CLANG_WARN_INT_CONVERSION = YES;
				CLANG_WARN_NON_LITERAL_NULL_CONVERSION = YES;
				CLANG_WARN_OBJC_IMPLICIT_RETAIN_SELF = YES;
				CLANG_WARN_OBJC_LITERAL_CONVERSION = YES;
				CLANG_WARN_OBJC_ROOT_CLASS = YES_ERROR;
				CLANG_WARN_QUOTED_INCLUDE_IN_FRAMEWORK_HEADER = YES;
				CLANG_WARN_RANGE_LOOP_ANALYSIS = YES;
				CLANG_WARN_STRICT_PROTOTYPES = YES;
				CLANG_WARN_SUSPICIOUS_MOVE = YES;
				CLANG_WARN_UNGUARDED_AVAILABILITY = YES_AGGRESSIVE;
				CLANG_WARN_UNREACHABLE_CODE = YES;
				CLANG_WARN__DUPLICATE_METHOD_MATCH = YES;
				COPY_PHASE_STRIP = NO;
				CURRENT_PROJECT_VERSION = 1;
				DEBUG_INFORMATION_FORMAT = dwarf;
				ENABLE_STRICT_OBJC_MSGSEND = YES;
				ENABLE_TESTABILITY = YES;
				GCC_C_LANGUAGE_STANDARD = gnu11;
				GCC_DYNAMIC_NO_PIC = NO;
				GCC_NO_COMMON_BLOCKS = YES;
				GCC_OPTIMIZATION_LEVEL = 0;
				GCC_PREPROCESSOR_DEFINITIONS = (
					"DEBUG=1",
					"$(inherited)",
				);
				GCC_WARN_64_TO_32_BIT_CONVERSION = YES;
				GCC_WARN_ABOUT_RETURN_TYPE = YES_ERROR;
				GCC_WARN_UNDECLARED_SELECTOR = YES;
				GCC_WARN_UNINITIALIZED_AUTOS = YES_AGGRESSIVE;
				GCC_WARN_UNUSED_FUNCTION = YES;
				GCC_WARN_UNUSED_VARIABLE = YES;
				MACOSX_DEPLOYMENT_TARGET = 11.1;
				MTL_ENABLE_DEBUG_INFO = INCLUDE_SOURCE;
				MTL_FAST_MATH = YES;
				ONLY_ACTIVE_ARCH = YES;
				SDKROOT = macosx;
				SWIFT_ACTIVE_COMPILATION_CONDITIONS = DEBUG;
				SWIFT_OPTIMIZATION_LEVEL = "-Onone";
				VERSIONING_SYSTEM = "apple-generic";
				VERSION_INFO_PREFIX = "";
			};
			name = Debug;
		};
		9067C8A6262F41C7005DD190 /* Release */ = {
			isa = XCBuildConfiguration;
			buildSettings = {
				ALWAYS_SEARCH_USER_PATHS = NO;
				CLANG_ANALYZER_NONNULL = YES;
				CLANG_ANALYZER_NUMBER_OBJECT_CONVERSION = YES_AGGRESSIVE;
				CLANG_CXX_LANGUAGE_STANDARD = "gnu++14";
				CLANG_CXX_LIBRARY = "libc++";
				CLANG_ENABLE_MODULES = YES;
				CLANG_ENABLE_OBJC_ARC = YES;
				CLANG_ENABLE_OBJC_WEAK = YES;
				CLANG_WARN_BLOCK_CAPTURE_AUTORELEASING = YES;
				CLANG_WARN_BOOL_CONVERSION = YES;
				CLANG_WARN_COMMA = YES;
				CLANG_WARN_CONSTANT_CONVERSION = YES;
				CLANG_WARN_DEPRECATED_OBJC_IMPLEMENTATIONS = YES;
				CLANG_WARN_DIRECT_OBJC_ISA_USAGE = YES_ERROR;
				CLANG_WARN_DOCUMENTATION_COMMENTS = YES;
				CLANG_WARN_EMPTY_BODY = YES;
				CLANG_WARN_ENUM_CONVERSION = YES;
				CLANG_WARN_INFINITE_RECURSION = YES;
				CLANG_WARN_INT_CONVERSION = YES;
				CLANG_WARN_NON_LITERAL_NULL_CONVERSION = YES;
				CLANG_WARN_OBJC_IMPLICIT_RETAIN_SELF = YES;
				CLANG_WARN_OBJC_LITERAL_CONVERSION = YES;
				CLANG_WARN_OBJC_ROOT_CLASS = YES_ERROR;
				CLANG_WARN_QUOTED_INCLUDE_IN_FRAMEWORK_HEADER = YES;
				CLANG_WARN_RANGE_LOOP_ANALYSIS = YES;
				CLANG_WARN_STRICT_PROTOTYPES = YES;
				CLANG_WARN_SUSPICIOUS_MOVE = YES;
				CLANG_WARN_UNGUARDED_AVAILABILITY = YES_AGGRESSIVE;
				CLANG_WARN_UNREACHABLE_CODE = YES;
				CLANG_WARN__DUPLICATE_METHOD_MATCH = YES;
				COPY_PHASE_STRIP = NO;
				CURRENT_PROJECT_VERSION = 1;
				DEBUG_INFORMATION_FORMAT = "dwarf-with-dsym";
				ENABLE_NS_ASSERTIONS = NO;
				ENABLE_STRICT_OBJC_MSGSEND = YES;
				GCC_C_LANGUAGE_STANDARD = gnu11;
				GCC_NO_COMMON_BLOCKS = YES;
				GCC_WARN_64_TO_32_BIT_CONVERSION = YES;
				GCC_WARN_ABOUT_RETURN_TYPE = YES_ERROR;
				GCC_WARN_UNDECLARED_SELECTOR = YES;
				GCC_WARN_UNINITIALIZED_AUTOS = YES_AGGRESSIVE;
				GCC_WARN_UNUSED_FUNCTION = YES;
				GCC_WARN_UNUSED_VARIABLE = YES;
				MACOSX_DEPLOYMENT_TARGET = 11.1;
				MTL_ENABLE_DEBUG_INFO = NO;
				MTL_FAST_MATH = YES;
				SDKROOT = macosx;
				SWIFT_COMPILATION_MODE = wholemodule;
				SWIFT_OPTIMIZATION_LEVEL = "-O";
				VERSIONING_SYSTEM = "apple-generic";
				VERSION_INFO_PREFIX = "";
			};
			name = Release;
		};
		9067C8A8262F41C7005DD190 /* Debug */ = {
			isa = XCBuildConfiguration;
			buildSettings = {
				CLANG_ENABLE_MODULES = YES;
				CODE_SIGN_STYLE = Automatic;
				COMBINE_HIDPI_IMAGES = YES;
				DEFINES_MODULE = YES;
				DEVELOPMENT_TEAM = "";
				DYLIB_COMPATIBILITY_VERSION = 1;
				DYLIB_CURRENT_VERSION = 1;
				DYLIB_INSTALL_NAME_BASE = "@rpath";
				INFOPLIST_FILE = EssentialFeed/Info.plist;
				INSTALL_PATH = "$(LOCAL_LIBRARY_DIR)/Frameworks";
				LD_RUNPATH_SEARCH_PATHS = (
					"$(inherited)",
					"@executable_path/../Frameworks",
					"@loader_path/Frameworks",
				);
				MACOSX_DEPLOYMENT_TARGET = 10.10;
				PRODUCT_BUNDLE_IDENTIFIER = com.dlink13.EssentialFeed;
				PRODUCT_NAME = "$(TARGET_NAME:c99extidentifier)";
				SKIP_INSTALL = YES;
				SWIFT_OPTIMIZATION_LEVEL = "-Onone";
				SWIFT_VERSION = 5.0;
			};
			name = Debug;
		};
		9067C8A9262F41C7005DD190 /* Release */ = {
			isa = XCBuildConfiguration;
			buildSettings = {
				CLANG_ENABLE_MODULES = YES;
				CODE_SIGN_STYLE = Automatic;
				COMBINE_HIDPI_IMAGES = YES;
				DEFINES_MODULE = YES;
				DEVELOPMENT_TEAM = "";
				DYLIB_COMPATIBILITY_VERSION = 1;
				DYLIB_CURRENT_VERSION = 1;
				DYLIB_INSTALL_NAME_BASE = "@rpath";
				INFOPLIST_FILE = EssentialFeed/Info.plist;
				INSTALL_PATH = "$(LOCAL_LIBRARY_DIR)/Frameworks";
				LD_RUNPATH_SEARCH_PATHS = (
					"$(inherited)",
					"@executable_path/../Frameworks",
					"@loader_path/Frameworks",
				);
				MACOSX_DEPLOYMENT_TARGET = 10.10;
				PRODUCT_BUNDLE_IDENTIFIER = com.dlink13.EssentialFeed;
				PRODUCT_NAME = "$(TARGET_NAME:c99extidentifier)";
				SKIP_INSTALL = YES;
				SWIFT_VERSION = 5.0;
			};
			name = Release;
		};
		9067C8AB262F41C7005DD190 /* Debug */ = {
			isa = XCBuildConfiguration;
			buildSettings = {
				ALWAYS_EMBED_SWIFT_STANDARD_LIBRARIES = YES;
				CLANG_ENABLE_MODULES = YES;
				CODE_SIGN_STYLE = Automatic;
				COMBINE_HIDPI_IMAGES = YES;
				DEVELOPMENT_TEAM = "";
				INFOPLIST_FILE = EssentialFeedTests/Info.plist;
				IPHONEOS_DEPLOYMENT_TARGET = 12.0;
				LD_RUNPATH_SEARCH_PATHS = (
					"$(inherited)",
					"@executable_path/../Frameworks",
					"@loader_path/../Frameworks",
				);
				MACOSX_DEPLOYMENT_TARGET = 10.10;
				PRODUCT_BUNDLE_IDENTIFIER = com.dlink13.EssentialFeedTests;
				PRODUCT_NAME = "$(TARGET_NAME)";
				SWIFT_OBJC_BRIDGING_HEADER = "EssentialFeedTests/EssentialFeedTests-Bridging-Header.h";
				SWIFT_OPTIMIZATION_LEVEL = "-Onone";
				SWIFT_VERSION = 5.0;
				TVOS_DEPLOYMENT_TARGET = 12.0;
				WATCHOS_DEPLOYMENT_TARGET = 6.0;
			};
			name = Debug;
		};
		9067C8AC262F41C7005DD190 /* Release */ = {
			isa = XCBuildConfiguration;
			buildSettings = {
				ALWAYS_EMBED_SWIFT_STANDARD_LIBRARIES = YES;
				CLANG_ENABLE_MODULES = YES;
				CODE_SIGN_STYLE = Automatic;
				COMBINE_HIDPI_IMAGES = YES;
				DEVELOPMENT_TEAM = "";
				INFOPLIST_FILE = EssentialFeedTests/Info.plist;
				IPHONEOS_DEPLOYMENT_TARGET = 12.0;
				LD_RUNPATH_SEARCH_PATHS = (
					"$(inherited)",
					"@executable_path/../Frameworks",
					"@loader_path/../Frameworks",
				);
				MACOSX_DEPLOYMENT_TARGET = 10.10;
				PRODUCT_BUNDLE_IDENTIFIER = com.dlink13.EssentialFeedTests;
				PRODUCT_NAME = "$(TARGET_NAME)";
				SWIFT_OBJC_BRIDGING_HEADER = "EssentialFeedTests/EssentialFeedTests-Bridging-Header.h";
				SWIFT_VERSION = 5.0;
				TVOS_DEPLOYMENT_TARGET = 12.0;
				WATCHOS_DEPLOYMENT_TARGET = 6.0;
			};
			name = Release;
		};
		90C5CFDA2652EE0F00689A7B /* Debug */ = {
			isa = XCBuildConfiguration;
			buildSettings = {
				CODE_SIGN_STYLE = Automatic;
				COMBINE_HIDPI_IMAGES = YES;
				DEVELOPMENT_TEAM = "";
				INFOPLIST_FILE = EssentialFeedEndToEndTests/Info.plist;
				IPHONEOS_DEPLOYMENT_TARGET = 12.0;
				LD_RUNPATH_SEARCH_PATHS = (
					"$(inherited)",
					"@executable_path/../Frameworks",
					"@loader_path/../Frameworks",
				);
				MACOSX_DEPLOYMENT_TARGET = 10.10;
				PRODUCT_BUNDLE_IDENTIFIER = com.dlink13.EssentialFeedEndToEndTests;
				PRODUCT_NAME = "$(TARGET_NAME)";
				SWIFT_VERSION = 5.0;
				TVOS_DEPLOYMENT_TARGET = 12.0;
				WATCHOS_DEPLOYMENT_TARGET = 6.0;
			};
			name = Debug;
		};
		90C5CFDB2652EE0F00689A7B /* Release */ = {
			isa = XCBuildConfiguration;
			buildSettings = {
				CODE_SIGN_STYLE = Automatic;
				COMBINE_HIDPI_IMAGES = YES;
				DEVELOPMENT_TEAM = "";
				INFOPLIST_FILE = EssentialFeedEndToEndTests/Info.plist;
				IPHONEOS_DEPLOYMENT_TARGET = 12.0;
				LD_RUNPATH_SEARCH_PATHS = (
					"$(inherited)",
					"@executable_path/../Frameworks",
					"@loader_path/../Frameworks",
				);
				MACOSX_DEPLOYMENT_TARGET = 10.10;
				PRODUCT_BUNDLE_IDENTIFIER = com.dlink13.EssentialFeedEndToEndTests;
				PRODUCT_NAME = "$(TARGET_NAME)";
				SWIFT_VERSION = 5.0;
				TVOS_DEPLOYMENT_TARGET = 12.0;
				WATCHOS_DEPLOYMENT_TARGET = 6.0;
			};
			name = Release;
		};
/* End XCBuildConfiguration section */

/* Begin XCConfigurationList section */
		9067C88D262F41C6005DD190 /* Build configuration list for PBXProject "EssentialFeed" */ = {
			isa = XCConfigurationList;
			buildConfigurations = (
				9067C8A5262F41C7005DD190 /* Debug */,
				9067C8A6262F41C7005DD190 /* Release */,
			);
			defaultConfigurationIsVisible = 0;
			defaultConfigurationName = Release;
		};
		9067C8A7262F41C7005DD190 /* Build configuration list for PBXNativeTarget "EssentialFeed" */ = {
			isa = XCConfigurationList;
			buildConfigurations = (
				9067C8A8262F41C7005DD190 /* Debug */,
				9067C8A9262F41C7005DD190 /* Release */,
			);
			defaultConfigurationIsVisible = 0;
			defaultConfigurationName = Release;
		};
		9067C8AA262F41C7005DD190 /* Build configuration list for PBXNativeTarget "EssentialFeedTests" */ = {
			isa = XCConfigurationList;
			buildConfigurations = (
				9067C8AB262F41C7005DD190 /* Debug */,
				9067C8AC262F41C7005DD190 /* Release */,
			);
			defaultConfigurationIsVisible = 0;
			defaultConfigurationName = Release;
		};
		90C5CFDC2652EE0F00689A7B /* Build configuration list for PBXNativeTarget "EssentialFeedEndToEndTests" */ = {
			isa = XCConfigurationList;
			buildConfigurations = (
				90C5CFDA2652EE0F00689A7B /* Debug */,
				90C5CFDB2652EE0F00689A7B /* Release */,
			);
			defaultConfigurationIsVisible = 0;
			defaultConfigurationName = Release;
		};
/* End XCConfigurationList section */
	};
	rootObject = 9067C88A262F41C6005DD190 /* Project object */;
}
